
Microsoft Visual Studio Solution File, Format Version 12.00
# Visual Studio Version 17
VisualStudioVersion = 17.5.002.0
MinimumVisualStudioVersion = 10.0.40219.1
Project("{9A19103F-16F7-4668-BE54-9A1E7A4F7556}") = "matikApp", "matikApp.csproj", "{2571148A-F7BB-4891-98B2-34916EE1B5C4}"
EndProject
Global
	GlobalSection(SolutionConfigurationPlatforms) = preSolution
		Debug|Any CPU = Debug|Any CPU
		Release|Any CPU = Release|Any CPU
	EndGlobalSection
	GlobalSection(ProjectConfigurationPlatforms) = postSolution
		{2571148A-F7BB-4891-98B2-34916EE1B5C4}.Debug|Any CPU.ActiveCfg = Debug|Any CPU
		{2571148A-F7BB-4891-98B2-34916EE1B5C4}.Debug|Any CPU.Build.0 = Debug|Any CPU
		{2571148A-F7BB-4891-98B2-34916EE1B5C4}.Release|Any CPU.ActiveCfg = Release|Any CPU
		{2571148A-F7BB-4891-98B2-34916EE1B5C4}.Release|Any CPU.Build.0 = Release|Any CPU
	EndGlobalSection
	GlobalSection(SolutionProperties) = preSolution
		HideSolutionNode = FALSE
	EndGlobalSection
	GlobalSection(ExtensibilityGlobals) = postSolution
		SolutionGuid = {78A33D6E-8E01-4069-ACEE-9CFA9A9E29EC}
	EndGlobalSection
EndGlobal
